
Microsoft Visual Studio Solution File, Format Version 12.00
# Visual Studio Version 16
VisualStudioVersion = 16.0.29326.143
MinimumVisualStudioVersion = 15.0.26124.0
Project("{2150E333-8FDC-42A3-9474-1A3956D46DE8}") = "src", "src", "{AB60F1EF-32E7-4C18-A485-6B4B175F5591}"
EndProject
Project("{9A19103F-16F7-4668-BE54-9A1E7A4F7556}") = "K8.FrontEnd", "src\K8.FrontEnd\K8.FrontEnd.csproj", "{C4943167-30CF-49B5-B419-C85F02787143}"
EndProject
Project("{9A19103F-16F7-4668-BE54-9A1E7A4F7556}") = "K8.LongProcess", "src\K8.LongProcess\K8.LongProcess.csproj", "{5D26A7E2-3EF7-48A9-89AF-45A7946555D0}"
EndProject
Project("{9A19103F-16F7-4668-BE54-9A1E7A4F7556}") = "K8.Extensions.Configuration", "src\K8.Extensions.Configuration\K8.Extensions.Configuration.csproj", "{2BFAA9EC-28D1-411A-AD7C-A29C5DE0805E}"
EndProject
Project("{9A19103F-16F7-4668-BE54-9A1E7A4F7556}") = "K8.Extensions.Hosting", "src\K8.Extensions.Hosting\K8.Extensions.Hosting.csproj", "{EAC2D06F-100F-4F14-90B5-E8979A54651B}"
EndProject
Project("{2150E333-8FDC-42A3-9474-1A3956D46DE8}") = "build", "build", "{5B180D76-4FFF-42E3-9D4A-B60744C9BE0D}"
	ProjectSection(SolutionItems) = preProject
		build\dependencies.props = build\dependencies.props
		build\sources.props = build\sources.props
	EndProjectSection
EndProject
Project("{9A19103F-16F7-4668-BE54-9A1E7A4F7556}") = "K8.AspNetCore.HealthChecks", "src\K8.AspNetCore.HealthChecks\K8.AspNetCore.HealthChecks.csproj", "{63785D36-7F8D-4FD1-B9AA-1371B2679C0A}"
EndProject
Project("{2150E333-8FDC-42A3-9474-1A3956D46DE8}") = "Solution Items", "Solution Items", "{84FBD589-09BB-4E1F-AA48-753F6DA12AB2}"
	ProjectSection(SolutionItems) = preProject
		.dockerignore = .dockerignore
		.editorconfig = .editorconfig
		.gitignore = .gitignore
		Directory.Build.props = Directory.Build.props
		Directory.Build.targets = Directory.Build.targets
		docker-compose.yml = docker-compose.yml
		Dockerfile.base = Dockerfile.base
		LICENSE = LICENSE
		README.md = README.md
	EndProjectSection
EndProject
Global
	GlobalSection(SolutionConfigurationPlatforms) = preSolution
		Debug|Any CPU = Debug|Any CPU
		Debug|x64 = Debug|x64
		Debug|x86 = Debug|x86
		Release|Any CPU = Release|Any CPU
		Release|x64 = Release|x64
		Release|x86 = Release|x86
	EndGlobalSection
	GlobalSection(ProjectConfigurationPlatforms) = postSolution
		{C4943167-30CF-49B5-B419-C85F02787143}.Debug|Any CPU.ActiveCfg = Debug|Any CPU
		{C4943167-30CF-49B5-B419-C85F02787143}.Debug|Any CPU.Build.0 = Debug|Any CPU
		{C4943167-30CF-49B5-B419-C85F02787143}.Debug|x64.ActiveCfg = Debug|Any CPU
		{C4943167-30CF-49B5-B419-C85F02787143}.Debug|x64.Build.0 = Debug|Any CPU
		{C4943167-30CF-49B5-B419-C85F02787143}.Debug|x86.ActiveCfg = Debug|Any CPU
		{C4943167-30CF-49B5-B419-C85F02787143}.Debug|x86.Build.0 = Debug|Any CPU
		{C4943167-30CF-49B5-B419-C85F02787143}.Release|Any CPU.ActiveCfg = Release|Any CPU
		{C4943167-30CF-49B5-B419-C85F02787143}.Release|Any CPU.Build.0 = Release|Any CPU
		{C4943167-30CF-49B5-B419-C85F02787143}.Release|x64.ActiveCfg = Release|Any CPU
		{C4943167-30CF-49B5-B419-C85F02787143}.Release|x64.Build.0 = Release|Any CPU
		{C4943167-30CF-49B5-B419-C85F02787143}.Release|x86.ActiveCfg = Release|Any CPU
		{C4943167-30CF-49B5-B419-C85F02787143}.Release|x86.Build.0 = Release|Any CPU
		{5D26A7E2-3EF7-48A9-89AF-45A7946555D0}.Debug|Any CPU.ActiveCfg = Debug|Any CPU
		{5D26A7E2-3EF7-48A9-89AF-45A7946555D0}.Debug|Any CPU.Build.0 = Debug|Any CPU
		{5D26A7E2-3EF7-48A9-89AF-45A7946555D0}.Debug|x64.ActiveCfg = Debug|Any CPU
		{5D26A7E2-3EF7-48A9-89AF-45A7946555D0}.Debug|x64.Build.0 = Debug|Any CPU
		{5D26A7E2-3EF7-48A9-89AF-45A7946555D0}.Debug|x86.ActiveCfg = Debug|Any CPU
		{5D26A7E2-3EF7-48A9-89AF-45A7946555D0}.Debug|x86.Build.0 = Debug|Any CPU
		{5D26A7E2-3EF7-48A9-89AF-45A7946555D0}.Release|Any CPU.ActiveCfg = Release|Any CPU
		{5D26A7E2-3EF7-48A9-89AF-45A7946555D0}.Release|Any CPU.Build.0 = Release|Any CPU
		{5D26A7E2-3EF7-48A9-89AF-45A7946555D0}.Release|x64.ActiveCfg = Release|Any CPU
		{5D26A7E2-3EF7-48A9-89AF-45A7946555D0}.Release|x64.Build.0 = Release|Any CPU
		{5D26A7E2-3EF7-48A9-89AF-45A7946555D0}.Release|x86.ActiveCfg = Release|Any CPU
		{5D26A7E2-3EF7-48A9-89AF-45A7946555D0}.Release|x86.Build.0 = Release|Any CPU
		{2BFAA9EC-28D1-411A-AD7C-A29C5DE0805E}.Debug|Any CPU.ActiveCfg = Debug|Any CPU
		{2BFAA9EC-28D1-411A-AD7C-A29C5DE0805E}.Debug|Any CPU.Build.0 = Debug|Any CPU
		{2BFAA9EC-28D1-411A-AD7C-A29C5DE0805E}.Debug|x64.ActiveCfg = Debug|Any CPU
		{2BFAA9EC-28D1-411A-AD7C-A29C5DE0805E}.Debug|x64.Build.0 = Debug|Any CPU
		{2BFAA9EC-28D1-411A-AD7C-A29C5DE0805E}.Debug|x86.ActiveCfg = Debug|Any CPU
		{2BFAA9EC-28D1-411A-AD7C-A29C5DE0805E}.Debug|x86.Build.0 = Debug|Any CPU
		{2BFAA9EC-28D1-411A-AD7C-A29C5DE0805E}.Release|Any CPU.ActiveCfg = Release|Any CPU
		{2BFAA9EC-28D1-411A-AD7C-A29C5DE0805E}.Release|Any CPU.Build.0 = Release|Any CPU
		{2BFAA9EC-28D1-411A-AD7C-A29C5DE0805E}.Release|x64.ActiveCfg = Release|Any CPU
		{2BFAA9EC-28D1-411A-AD7C-A29C5DE0805E}.Release|x64.Build.0 = Release|Any CPU
		{2BFAA9EC-28D1-411A-AD7C-A29C5DE0805E}.Release|x86.ActiveCfg = Release|Any CPU
		{2BFAA9EC-28D1-411A-AD7C-A29C5DE0805E}.Release|x86.Build.0 = Release|Any CPU
		{EAC2D06F-100F-4F14-90B5-E8979A54651B}.Debug|Any CPU.ActiveCfg = Debug|Any CPU
		{EAC2D06F-100F-4F14-90B5-E8979A54651B}.Debug|Any CPU.Build.0 = Debug|Any CPU
		{EAC2D06F-100F-4F14-90B5-E8979A54651B}.Debug|x64.ActiveCfg = Debug|Any CPU
		{EAC2D06F-100F-4F14-90B5-E8979A54651B}.Debug|x64.Build.0 = Debug|Any CPU
		{EAC2D06F-100F-4F14-90B5-E8979A54651B}.Debug|x86.ActiveCfg = Debug|Any CPU
		{EAC2D06F-100F-4F14-90B5-E8979A54651B}.Debug|x86.Build.0 = Debug|Any CPU
		{EAC2D06F-100F-4F14-90B5-E8979A54651B}.Release|Any CPU.ActiveCfg = Release|Any CPU
		{EAC2D06F-100F-4F14-90B5-E8979A54651B}.Release|Any CPU.Build.0 = Release|Any CPU
		{EAC2D06F-100F-4F14-90B5-E8979A54651B}.Release|x64.ActiveCfg = Release|Any CPU
		{EAC2D06F-100F-4F14-90B5-E8979A54651B}.Release|x64.Build.0 = Release|Any CPU
		{EAC2D06F-100F-4F14-90B5-E8979A54651B}.Release|x86.ActiveCfg = Release|Any CPU
		{EAC2D06F-100F-4F14-90B5-E8979A54651B}.Release|x86.Build.0 = Release|Any CPU
		{63785D36-7F8D-4FD1-B9AA-1371B2679C0A}.Debug|Any CPU.ActiveCfg = Debug|Any CPU
		{63785D36-7F8D-4FD1-B9AA-1371B2679C0A}.Debug|Any CPU.Build.0 = Debug|Any CPU
		{63785D36-7F8D-4FD1-B9AA-1371B2679C0A}.Debug|x64.ActiveCfg = Debug|Any CPU
		{63785D36-7F8D-4FD1-B9AA-1371B2679C0A}.Debug|x64.Build.0 = Debug|Any CPU
		{63785D36-7F8D-4FD1-B9AA-1371B2679C0A}.Debug|x86.ActiveCfg = Debug|Any CPU
		{63785D36-7F8D-4FD1-B9AA-1371B2679C0A}.Debug|x86.Build.0 = Debug|Any CPU
		{63785D36-7F8D-4FD1-B9AA-1371B2679C0A}.Release|Any CPU.ActiveCfg = Release|Any CPU
		{63785D36-7F8D-4FD1-B9AA-1371B2679C0A}.Release|Any CPU.Build.0 = Release|Any CPU
		{63785D36-7F8D-4FD1-B9AA-1371B2679C0A}.Release|x64.ActiveCfg = Release|Any CPU
		{63785D36-7F8D-4FD1-B9AA-1371B2679C0A}.Release|x64.Build.0 = Release|Any CPU
		{63785D36-7F8D-4FD1-B9AA-1371B2679C0A}.Release|x86.ActiveCfg = Release|Any CPU
		{63785D36-7F8D-4FD1-B9AA-1371B2679C0A}.Release|x86.Build.0 = Release|Any CPU
	EndGlobalSection
	GlobalSection(SolutionProperties) = preSolution
		HideSolutionNode = FALSE
	EndGlobalSection
	GlobalSection(NestedProjects) = preSolution
		{C4943167-30CF-49B5-B419-C85F02787143} = {AB60F1EF-32E7-4C18-A485-6B4B175F5591}
		{5D26A7E2-3EF7-48A9-89AF-45A7946555D0} = {AB60F1EF-32E7-4C18-A485-6B4B175F5591}
		{2BFAA9EC-28D1-411A-AD7C-A29C5DE0805E} = {AB60F1EF-32E7-4C18-A485-6B4B175F5591}
		{EAC2D06F-100F-4F14-90B5-E8979A54651B} = {AB60F1EF-32E7-4C18-A485-6B4B175F5591}
		{63785D36-7F8D-4FD1-B9AA-1371B2679C0A} = {AB60F1EF-32E7-4C18-A485-6B4B175F5591}
	EndGlobalSection
	GlobalSection(ExtensibilityGlobals) = postSolution
		SolutionGuid = {5CE999F3-41B7-4873-92C0-06E5CD7B942B}
	EndGlobalSection
EndGlobal
